Microsoft Visual Studio Solution File, Format Version 12.00
# Visual Studio Version 16
VisualStudioVersion = 16.0.29709.97
MinimumVisualStudioVersion = 10.0.40219.1
Project("{FAE04EC0-301F-11D3-BF4B-00C04F79EFBC}") = "cougar_reporter.Android", "cougar_reporter.Android\cougar_reporter.Android.csproj", "{99EF7AF9-A1D4-49BE-B8C3-CED6EE97A70B}"
EndProject
Project("{FAE04EC0-301F-11D3-BF4B-00C04F79EFBC}") = "cougar_reporter.iOS", "cougar_reporter.iOS\cougar_reporter.iOS.csproj", "{BEF05B47-CFB8-4F85-BDB0-95711DE42AB7}"
EndProject
Project("{9A19103F-16F7-4668-BE54-9A1E7A4F7556}") = "cougar_reporter", "cougar_reporter\cougar_reporter.csproj", "{81F0632B-1097-4A4A-BB8B-E37D0C69CDCB}"
EndProject
Global
	GlobalSection(SolutionConfigurationPlatforms) = preSolution
		Debug|Any CPU = Debug|Any CPU
		Debug|iPhone = Debug|iPhone
		Debug|iPhoneSimulator = Debug|iPhoneSimulator
		Release|Any CPU = Release|Any CPU
		Release|iPhone = Release|iPhone
		Release|iPhoneSimulator = Release|iPhoneSimulator
	EndGlobalSection
	GlobalSection(ProjectConfigurationPlatforms) = postSolution
		{99EF7AF9-A1D4-49BE-B8C3-CED6EE97A70B}.Debug|Any CPU.ActiveCfg = Debug|Any CPU
		{99EF7AF9-A1D4-49BE-B8C3-CED6EE97A70B}.Debug|Any CPU.Build.0 = Debug|Any CPU
		{99EF7AF9-A1D4-49BE-B8C3-CED6EE97A70B}.Debug|Any CPU.Deploy.0 = Debug|Any CPU
		{99EF7AF9-A1D4-49BE-B8C3-CED6EE97A70B}.Debug|iPhone.ActiveCfg = Debug|Any CPU
		{99EF7AF9-A1D4-49BE-B8C3-CED6EE97A70B}.Debug|iPhone.Build.0 = Debug|Any CPU
		{99EF7AF9-A1D4-49BE-B8C3-CED6EE97A70B}.Debug|iPhoneSimulator.ActiveCfg = Debug|Any CPU
		{99EF7AF9-A1D4-49BE-B8C3-CED6EE97A70B}.Debug|iPhoneSimulator.Build.0 = Debug|Any CPU
		{99EF7AF9-A1D4-49BE-B8C3-CED6EE97A70B}.Release|Any CPU.ActiveCfg = Release|Any CPU
		{99EF7AF9-A1D4-49BE-B8C3-CED6EE97A70B}.Release|Any CPU.Build.0 = Release|Any CPU
		{99EF7AF9-A1D4-49BE-B8C3-CED6EE97A70B}.Release|iPhone.ActiveCfg = Release|Any CPU
		{99EF7AF9-A1D4-49BE-B8C3-CED6EE97A70B}.Release|iPhone.Build.0 = Release|Any CPU
		{99EF7AF9-A1D4-49BE-B8C3-CED6EE97A70B}.Release|iPhoneSimulator.ActiveCfg = Release|Any CPU
		{99EF7AF9-A1D4-49BE-B8C3-CED6EE97A70B}.Release|iPhoneSimulator.Build.0 = Release|Any CPU
		{BEF05B47-CFB8-4F85-BDB0-95711DE42AB7}.Debug|Any CPU.ActiveCfg = Debug|iPhoneSimulator
		{BEF05B47-CFB8-4F85-BDB0-95711DE42AB7}.Debug|Any CPU.Build.0 = Debug|iPhoneSimulator
		{BEF05B47-CFB8-4F85-BDB0-95711DE42AB7}.Debug|iPhone.ActiveCfg = Debug|iPhone
		{BEF05B47-CFB8-4F85-BDB0-95711DE42AB7}.Debug|iPhone.Build.0 = Debug|iPhone
		{BEF05B47-CFB8-4F85-BDB0-95711DE42AB7}.Debug|iPhoneSimulator.ActiveCfg = Debug|iPhoneSimulator
		{BEF05B47-CFB8-4F85-BDB0-95711DE42AB7}.Debug|iPhoneSimulator.Build.0 = Debug|iPhoneSimulator
		{BEF05B47-CFB8-4F85-BDB0-95711DE42AB7}.Release|Any CPU.ActiveCfg = Release|iPhoneSimulator
		{BEF05B47-CFB8-4F85-BDB0-95711DE42AB7}.Release|Any CPU.Build.0 = Release|iPhoneSimulator
		{BEF05B47-CFB8-4F85-BDB0-95711DE42AB7}.Release|iPhone.ActiveCfg = Release|iPhone
		{BEF05B47-CFB8-4F85-BDB0-95711DE42AB7}.Release|iPhone.Build.0 = Release|iPhone
		{BEF05B47-CFB8-4F85-BDB0-95711DE42AB7}.Release|iPhoneSimulator.ActiveCfg = Release|iPhoneSimulator
		{BEF05B47-CFB8-4F85-BDB0-95711DE42AB7}.Release|iPhoneSimulator.Build.0 = Release|iPhoneSimulator
		{81F0632B-1097-4A4A-BB8B-E37D0C69CDCB}.Debug|Any CPU.ActiveCfg = Debug|Any CPU
		{81F0632B-1097-4A4A-BB8B-E37D0C69CDCB}.Debug|Any CPU.Build.0 = Debug|Any CPU
		{81F0632B-1097-4A4A-BB8B-E37D0C69CDCB}.Debug|iPhone.ActiveCfg = Debug|Any CPU
		{81F0632B-1097-4A4A-BB8B-E37D0C69CDCB}.Debug|iPhone.Build.0 = Debug|Any CPU
		{81F0632B-1097-4A4A-BB8B-E37D0C69CDCB}.Debug|iPhoneSimulator.ActiveCfg = Debug|Any CPU
		{81F0632B-1097-4A4A-BB8B-E37D0C69CDCB}.Debug|iPhoneSimulator.Build.0 = Debug|Any CPU
		{81F0632B-1097-4A4A-BB8B-E37D0C69CDCB}.Release|Any CPU.ActiveCfg = Release|Any CPU
		{81F0632B-1097-4A4A-BB8B-E37D0C69CDCB}.Release|Any CPU.Build.0 = Release|Any CPU
		{81F0632B-1097-4A4A-BB8B-E37D0C69CDCB}.Release|iPhone.ActiveCfg = Release|Any CPU
		{81F0632B-1097-4A4A-BB8B-E37D0C69CDCB}.Release|iPhone.Build.0 = Release|Any CPU
		{81F0632B-1097-4A4A-BB8B-E37D0C69CDCB}.Release|iPhoneSimulator.ActiveCfg = Release|Any CPU
		{81F0632B-1097-4A4A-BB8B-E37D0C69CDCB}.Release|iPhoneSimulator.Build.0 = Release|Any CPU
	EndGlobalSection
	GlobalSection(SolutionProperties) = preSolution
		HideSolutionNode = FALSE
	EndGlobalSection
	GlobalSection(ExtensibilityGlobals) = postSolution
		SolutionGuid = {92979AC5-D729-4BE5-A494-0042490D522E}
	EndGlobalSection
EndGlobal
